
Microsoft Visual Studio Solution File, Format Version 12.00
# Visual Studio Version 17
VisualStudioVersion = 17.11.35312.102
MinimumVisualStudioVersion = 10.0.40219.1
Project("{9A19103F-16F7-4668-BE54-9A1E7A4F7556}") = "Homework_8", "Homework_8.csproj", "{CCAADBA4-2F16-47B6-8036-7BB0C7F5EB5C}"
EndProject
Project("{9A19103F-16F7-4668-BE54-9A1E7A4F7556}") = "Homework_Tumakov_8", "..\Homework_Tumakov_8\Homework_Tumakov_8.csproj", "{07E4F3F9-2063-477D-BDDF-70E29E33B95A}"
EndProject
Global
	GlobalSection(SolutionConfigurationPlatforms) = preSolution
		Debug|Any CPU = Debug|Any CPU
		Release|Any CPU = Release|Any CPU
	EndGlobalSection
	GlobalSection(ProjectConfigurationPlatforms) = postSolution
		{CCAADBA4-2F16-47B6-8036-7BB0C7F5EB5C}.Debug|Any CPU.ActiveCfg = Debug|Any CPU
		{CCAADBA4-2F16-47B6-8036-7BB0C7F5EB5C}.Debug|Any CPU.Build.0 = Debug|Any CPU
		{CCAADBA4-2F16-47B6-8036-7BB0C7F5EB5C}.Release|Any CPU.ActiveCfg = Release|Any CPU
		{CCAADBA4-2F16-47B6-8036-7BB0C7F5EB5C}.Release|Any CPU.Build.0 = Release|Any CPU
		{07E4F3F9-2063-477D-BDDF-70E29E33B95A}.Debug|Any CPU.ActiveCfg = Debug|Any CPU
		{07E4F3F9-2063-477D-BDDF-70E29E33B95A}.Debug|Any CPU.Build.0 = Debug|Any CPU
		{07E4F3F9-2063-477D-BDDF-70E29E33B95A}.Release|Any CPU.ActiveCfg = Release|Any CPU
		{07E4F3F9-2063-477D-BDDF-70E29E33B95A}.Release|Any CPU.Build.0 = Release|Any CPU
	EndGlobalSection
	GlobalSection(SolutionProperties) = preSolution
		HideSolutionNode = FALSE
	EndGlobalSection
	GlobalSection(ExtensibilityGlobals) = postSolution
		SolutionGuid = {701851C5-ED86-46ED-BE15-96374A5A08A5}
	EndGlobalSection
EndGlobal
